// !$*UTF8*$!
{
	archiveVersion = 1;
	classes = {
	};
	objectVersion = 56;
	objects = {

/* Begin PBXBuildFile section */
		2C271D672CBF666F0069ACE8 /* MarketDataModel.swift in Sources */ = {isa = PBXBuildFile; fileRef = 2C271D662CBF666F0069ACE8 /* MarketDataModel.swift */; };
		2C271D692CC092850069ACE8 /* MarketDataService.swift in Sources */ = {isa = PBXBuildFile; fileRef = 2C271D682CC092850069ACE8 /* MarketDataService.swift */; };
		2C2A3E932C42038000C5B3E7 /* CoinRowView.swift in Sources */ = {isa = PBXBuildFile; fileRef = 2C2A3E922C42038000C5B3E7 /* CoinRowView.swift */; };
		2C2A3E952C42041300C5B3E7 /* DeveloperPreview.swift in Sources */ = {isa = PBXBuildFile; fileRef = 2C2A3E942C42041300C5B3E7 /* DeveloperPreview.swift */; };
		2C3B59F52C4888E7001DFA9D /* HomeViewModel.swift in Sources */ = {isa = PBXBuildFile; fileRef = 2C3B59F42C4888E7001DFA9D /* HomeViewModel.swift */; };
		2C53BC6E2C738B2300660C63 /* LocalFileManager.swift in Sources */ = {isa = PBXBuildFile; fileRef = 2C53BC6D2C738B2300660C63 /* LocalFileManager.swift */; };
		2C5C2B162C69CB840098537E /* NetworkingManager.swift in Sources */ = {isa = PBXBuildFile; fileRef = 2C5C2B152C69CB840098537E /* NetworkingManager.swift */; };
		2C5C2B192C6AD5A00098537E /* CoinImageView.swift in Sources */ = {isa = PBXBuildFile; fileRef = 2C5C2B182C6AD5A00098537E /* CoinImageView.swift */; };
		2C5C2B1B2C6AF3DD0098537E /* CoinImageService.swift in Sources */ = {isa = PBXBuildFile; fileRef = 2C5C2B1A2C6AF3DD0098537E /* CoinImageService.swift */; };
		2C5EB3382CA599D60017BBC3 /* StatisticView.swift in Sources */ = {isa = PBXBuildFile; fileRef = 2C5EB3372CA599D60017BBC3 /* StatisticView.swift */; };
		2C5EB33A2CA5A5060017BBC3 /* HomeStatisticView.swift in Sources */ = {isa = PBXBuildFile; fileRef = 2C5EB3392CA5A5060017BBC3 /* HomeStatisticView.swift */; };
		2C8B25F42C40D55C00AEDE7C /* CoinModel.swift in Sources */ = {isa = PBXBuildFile; fileRef = 2C8B25F32C40D55B00AEDE7C /* CoinModel.swift */; };
		2C984F322C6EA24F008ACAED /* CoinImageViewModel.swift in Sources */ = {isa = PBXBuildFile; fileRef = 2C984F312C6EA24F008ACAED /* CoinImageViewModel.swift */; };
		2CA201F52C3B7C4C005BFD79 /* CryptoAppApp.swift in Sources */ = {isa = PBXBuildFile; fileRef = 2CA201F42C3B7C4C005BFD79 /* CryptoAppApp.swift */; };
		2CA201F72C3B7C4C005BFD79 /* ContentView.swift in Sources */ = {isa = PBXBuildFile; fileRef = 2CA201F62C3B7C4C005BFD79 /* ContentView.swift */; };
		2CA201FC2C3B7C4F005BFD79 /* Preview Assets.xcassets in Resources */ = {isa = PBXBuildFile; fileRef = 2CA201FB2C3B7C4F005BFD79 /* Preview Assets.xcassets */; };
		2CB28F7A2C5D99E7007A0C05 /* CoinDataService.swift in Sources */ = {isa = PBXBuildFile; fileRef = 2CB28F792C5D99E7007A0C05 /* CoinDataService.swift */; };
		2CD89E992C81689700BA460C /* UIApplication.swift in Sources */ = {isa = PBXBuildFile; fileRef = 2CD89E982C81689700BA460C /* UIApplication.swift */; };
		2CD89E9B2C84CB5700BA460C /* StatisticModel.swift in Sources */ = {isa = PBXBuildFile; fileRef = 2CD89E9A2C84CB5700BA460C /* StatisticModel.swift */; };
		2CDB0DC82C426EDE00A36C9B /* Double.swift in Sources */ = {isa = PBXBuildFile; fileRef = 2CDB0DC72C426EDE00A36C9B /* Double.swift */; };
		2CE4DAA62C7481C800EEBC1D /* SearchBarView.swift in Sources */ = {isa = PBXBuildFile; fileRef = 2CE4DAA52C7481C800EEBC1D /* SearchBarView.swift */; };
		2CEEB7422C3F6C2A0004C026 /* Assets.xcassets in Resources */ = {isa = PBXBuildFile; fileRef = 2CEEB7412C3F6C2A0004C026 /* Assets.xcassets */; };
		2CEEB7442C3F6C830004C026 /* Colors.xcassets in Resources */ = {isa = PBXBuildFile; fileRef = 2CEEB7432C3F6C830004C026 /* Colors.xcassets */; };
		2CEEB7472C3F72080004C026 /* Color.swift in Sources */ = {isa = PBXBuildFile; fileRef = 2CEEB7462C3F72080004C026 /* Color.swift */; };
		2CEEB74D2C3F80EB0004C026 /* HomeView.swift in Sources */ = {isa = PBXBuildFile; fileRef = 2CEEB74C2C3F80EB0004C026 /* HomeView.swift */; };
		2CEEB7512C3F85160004C026 /* CircleButtonView.swift in Sources */ = {isa = PBXBuildFile; fileRef = 2CEEB7502C3F85160004C026 /* CircleButtonView.swift */; };
		2CEEB7532C40AE980004C026 /* CircleButtonAnimationView.swift in Sources */ = {isa = PBXBuildFile; fileRef = 2CEEB7522C40AE980004C026 /* CircleButtonAnimationView.swift */; };
/* End PBXBuildFile section */

/* Begin PBXFileReference section */
		2C271D662CBF666F0069ACE8 /* MarketDataModel.swift */ = {isa = PBXFileReference; lastKnownFileType = sourcecode.swift; path = MarketDataModel.swift; sourceTree = "<group>"; };
		2C271D682CC092850069ACE8 /* MarketDataService.swift */ = {isa = PBXFileReference; lastKnownFileType = sourcecode.swift; path = MarketDataService.swift; sourceTree = "<group>"; };
		2C2A3E922C42038000C5B3E7 /* CoinRowView.swift */ = {isa = PBXFileReference; lastKnownFileType = sourcecode.swift; path = CoinRowView.swift; sourceTree = "<group>"; };
		2C2A3E942C42041300C5B3E7 /* DeveloperPreview.swift */ = {isa = PBXFileReference; lastKnownFileType = sourcecode.swift; path = DeveloperPreview.swift; sourceTree = "<group>"; };
		2C3B59F42C4888E7001DFA9D /* HomeViewModel.swift */ = {isa = PBXFileReference; lastKnownFileType = sourcecode.swift; path = HomeViewModel.swift; sourceTree = "<group>"; };
		2C53BC6D2C738B2300660C63 /* LocalFileManager.swift */ = {isa = PBXFileReference; lastKnownFileType = sourcecode.swift; path = LocalFileManager.swift; sourceTree = "<group>"; };
		2C5C2B152C69CB840098537E /* NetworkingManager.swift */ = {isa = PBXFileReference; lastKnownFileType = sourcecode.swift; path = NetworkingManager.swift; sourceTree = "<group>"; };
		2C5C2B182C6AD5A00098537E /* CoinImageView.swift */ = {isa = PBXFileReference; lastKnownFileType = sourcecode.swift; path = CoinImageView.swift; sourceTree = "<group>"; };
		2C5C2B1A2C6AF3DD0098537E /* CoinImageService.swift */ = {isa = PBXFileReference; lastKnownFileType = sourcecode.swift; path = CoinImageService.swift; sourceTree = "<group>"; };
		2C5EB3372CA599D60017BBC3 /* StatisticView.swift */ = {isa = PBXFileReference; lastKnownFileType = sourcecode.swift; path = StatisticView.swift; sourceTree = "<group>"; };
		2C5EB3392CA5A5060017BBC3 /* HomeStatisticView.swift */ = {isa = PBXFileReference; lastKnownFileType = sourcecode.swift; path = HomeStatisticView.swift; sourceTree = "<group>"; };
		2C8B25F32C40D55B00AEDE7C /* CoinModel.swift */ = {isa = PBXFileReference; lastKnownFileType = sourcecode.swift; path = CoinModel.swift; sourceTree = "<group>"; };
		2C984F312C6EA24F008ACAED /* CoinImageViewModel.swift */ = {isa = PBXFileReference; lastKnownFileType = sourcecode.swift; path = CoinImageViewModel.swift; sourceTree = "<group>"; };
		2CA201F12C3B7C4C005BFD79 /* CryptoApp.app */ = {isa = PBXFileReference; explicitFileType = wrapper.application; includeInIndex = 0; path = CryptoApp.app; sourceTree = BUILT_PRODUCTS_DIR; };
		2CA201F42C3B7C4C005BFD79 /* CryptoAppApp.swift */ = {isa = PBXFileReference; lastKnownFileType = sourcecode.swift; path = CryptoAppApp.swift; sourceTree = "<group>"; };
		2CA201F62C3B7C4C005BFD79 /* ContentView.swift */ = {isa = PBXFileReference; lastKnownFileType = sourcecode.swift; path = ContentView.swift; sourceTree = "<group>"; };
		2CA201FB2C3B7C4F005BFD79 /* Preview Assets.xcassets */ = {isa = PBXFileReference; lastKnownFileType = folder.assetcatalog; path = "Preview Assets.xcassets"; sourceTree = "<group>"; };
		2CB28F792C5D99E7007A0C05 /* CoinDataService.swift */ = {isa = PBXFileReference; lastKnownFileType = sourcecode.swift; path = CoinDataService.swift; sourceTree = "<group>"; };
		2CD89E982C81689700BA460C /* UIApplication.swift */ = {isa = PBXFileReference; lastKnownFileType = sourcecode.swift; path = UIApplication.swift; sourceTree = "<group>"; };
		2CD89E9A2C84CB5700BA460C /* StatisticModel.swift */ = {isa = PBXFileReference; lastKnownFileType = sourcecode.swift; path = StatisticModel.swift; sourceTree = "<group>"; };
		2CDB0DC72C426EDE00A36C9B /* Double.swift */ = {isa = PBXFileReference; lastKnownFileType = sourcecode.swift; path = Double.swift; sourceTree = "<group>"; };
		2CE4DAA52C7481C800EEBC1D /* SearchBarView.swift */ = {isa = PBXFileReference; lastKnownFileType = sourcecode.swift; path = SearchBarView.swift; sourceTree = "<group>"; };
		2CEEB7412C3F6C2A0004C026 /* Assets.xcassets */ = {isa = PBXFileReference; lastKnownFileType = folder.assetcatalog; name = Assets.xcassets; path = ../../../../Downloads/Resources/Assets.xcassets; sourceTree = "<group>"; };
		2CEEB7432C3F6C830004C026 /* Colors.xcassets */ = {isa = PBXFileReference; lastKnownFileType = folder.assetcatalog; path = Colors.xcassets; sourceTree = "<group>"; };
		2CEEB7462C3F72080004C026 /* Color.swift */ = {isa = PBXFileReference; lastKnownFileType = sourcecode.swift; path = Color.swift; sourceTree = "<group>"; };
		2CEEB74C2C3F80EB0004C026 /* HomeView.swift */ = {isa = PBXFileReference; lastKnownFileType = sourcecode.swift; path = HomeView.swift; sourceTree = "<group>"; };
		2CEEB7502C3F85160004C026 /* CircleButtonView.swift */ = {isa = PBXFileReference; lastKnownFileType = sourcecode.swift; path = CircleButtonView.swift; sourceTree = "<group>"; };
		2CEEB7522C40AE980004C026 /* CircleButtonAnimationView.swift */ = {isa = PBXFileReference; lastKnownFileType = sourcecode.swift; path = CircleButtonAnimationView.swift; sourceTree = "<group>"; };
/* End PBXFileReference section */

/* Begin PBXFrameworksBuildPhase section */
		2CA201EE2C3B7C4C005BFD79 /* Frameworks */ = {
			isa = PBXFrameworksBuildPhase;
			buildActionMask = 2147483647;
			files = (
			);
			runOnlyForDeploymentPostprocessing = 0;
		};
/* End PBXFrameworksBuildPhase section */

/* Begin PBXGroup section */
		2C5C2B142C69CB3A0098537E /* Utilities */ = {
			isa = PBXGroup;
			children = (
				2C5C2B152C69CB840098537E /* NetworkingManager.swift */,
				2C53BC6D2C738B2300660C63 /* LocalFileManager.swift */,
			);
			path = Utilities;
			sourceTree = "<group>";
		};
		2C5C2B172C6AD56F0098537E /* CoinImage */ = {
			isa = PBXGroup;
			children = (
				2C5C2B182C6AD5A00098537E /* CoinImageView.swift */,
				2C984F312C6EA24F008ACAED /* CoinImageViewModel.swift */,
			);
			path = CoinImage;
			sourceTree = "<group>";
		};
		2C8B25F22C40D54400AEDE7C /* Models */ = {
			isa = PBXGroup;
			children = (
				2C8B25F32C40D55B00AEDE7C /* CoinModel.swift */,
				2CD89E9A2C84CB5700BA460C /* StatisticModel.swift */,
				2C271D662CBF666F0069ACE8 /* MarketDataModel.swift */,
			);
			path = Models;
			sourceTree = "<group>";
		};
		2CA201E82C3B7C4C005BFD79 = {
			isa = PBXGroup;
			children = (
				2CA201F32C3B7C4C005BFD79 /* CryptoApp */,
				2CA201F22C3B7C4C005BFD79 /* Products */,
			);
			sourceTree = "<group>";
		};
		2CA201F22C3B7C4C005BFD79 /* Products */ = {
			isa = PBXGroup;
			children = (
				2CA201F12C3B7C4C005BFD79 /* CryptoApp.app */,
			);
			name = Products;
			sourceTree = "<group>";
		};
		2CA201F32C3B7C4C005BFD79 /* CryptoApp */ = {
			isa = PBXGroup;
			children = (
				2C5C2B142C69CB3A0098537E /* Utilities */,
				2CB28F782C5D99A1007A0C05 /* Services */,
				2C8B25F22C40D54400AEDE7C /* Models */,
				2CEEB7452C3F71F30004C026 /* Extension */,
				2CEEB7482C3F806C0004C026 /* Core */,
				2CA201F42C3B7C4C005BFD79 /* CryptoAppApp.swift */,
				2CA201F62C3B7C4C005BFD79 /* ContentView.swift */,
				2CEEB7412C3F6C2A0004C026 /* Assets.xcassets */,
				2CEEB7432C3F6C830004C026 /* Colors.xcassets */,
				2CA201FA2C3B7C4F005BFD79 /* Preview Content */,
			);
			path = CryptoApp;
			sourceTree = "<group>";
		};
		2CA201FA2C3B7C4F005BFD79 /* Preview Content */ = {
			isa = PBXGroup;
			children = (
				2CA201FB2C3B7C4F005BFD79 /* Preview Assets.xcassets */,
			);
			path = "Preview Content";
			sourceTree = "<group>";
		};
		2CB28F782C5D99A1007A0C05 /* Services */ = {
			isa = PBXGroup;
			children = (
				2CB28F792C5D99E7007A0C05 /* CoinDataService.swift */,
				2C5C2B1A2C6AF3DD0098537E /* CoinImageService.swift */,
				2C271D682CC092850069ACE8 /* MarketDataService.swift */,
			);
			path = Services;
			sourceTree = "<group>";
		};
		2CEEB7452C3F71F30004C026 /* Extension */ = {
			isa = PBXGroup;
			children = (
				2CEEB7462C3F72080004C026 /* Color.swift */,
				2C2A3E942C42041300C5B3E7 /* DeveloperPreview.swift */,
				2CDB0DC72C426EDE00A36C9B /* Double.swift */,
				2CD89E982C81689700BA460C /* UIApplication.swift */,
			);
			path = Extension;
			sourceTree = "<group>";
		};
		2CEEB7482C3F806C0004C026 /* Core */ = {
			isa = PBXGroup;
			children = (
				2CEEB74E2C3F834A0004C026 /* Components */,
				2CEEB7492C3F808C0004C026 /* Home */,
			);
			path = Core;
			sourceTree = "<group>";
		};
		2CEEB7492C3F808C0004C026 /* Home */ = {
			isa = PBXGroup;
			children = (
				2CEEB74B2C3F80B60004C026 /* ViewModels */,
				2CEEB74A2C3F80AC0004C026 /* Views */,
			);
			path = Home;
			sourceTree = "<group>";
		};
		2CEEB74A2C3F80AC0004C026 /* Views */ = {
			isa = PBXGroup;
			children = (
				2CEEB74C2C3F80EB0004C026 /* HomeView.swift */,
				2C5EB3392CA5A5060017BBC3 /* HomeStatisticView.swift */,
				2C2A3E922C42038000C5B3E7 /* CoinRowView.swift */,
			);
			path = Views;
			sourceTree = "<group>";
		};
		2CEEB74B2C3F80B60004C026 /* ViewModels */ = {
			isa = PBXGroup;
			children = (
				2C3B59F42C4888E7001DFA9D /* HomeViewModel.swift */,
			);
			path = ViewModels;
			sourceTree = "<group>";
		};
		2CEEB74E2C3F834A0004C026 /* Components */ = {
			isa = PBXGroup;
			children = (
				2C5C2B172C6AD56F0098537E /* CoinImage */,
				2CEEB74F2C3F83990004C026 /* CircleButton */,
				2CE4DAA52C7481C800EEBC1D /* SearchBarView.swift */,
				2C5EB3372CA599D60017BBC3 /* StatisticView.swift */,
			);
			path = Components;
			sourceTree = "<group>";
		};
		2CEEB74F2C3F83990004C026 /* CircleButton */ = {
			isa = PBXGroup;
			children = (
				2CEEB7502C3F85160004C026 /* CircleButtonView.swift */,
				2CEEB7522C40AE980004C026 /* CircleButtonAnimationView.swift */,
			);
			path = CircleButton;
			sourceTree = "<group>";
		};
/* End PBXGroup section */

/* Begin PBXNativeTarget section */
		2CA201F02C3B7C4C005BFD79 /* CryptoApp */ = {
			isa = PBXNativeTarget;
			buildConfigurationList = 2CA201FF2C3B7C4F005BFD79 /* Build configuration list for PBXNativeTarget "CryptoApp" */;
			buildPhases = (
				2CA201ED2C3B7C4C005BFD79 /* Sources */,
				2CA201EE2C3B7C4C005BFD79 /* Frameworks */,
				2CA201EF2C3B7C4C005BFD79 /* Resources */,
			);
			buildRules = (
			);
			dependencies = (
			);
			name = CryptoApp;
			productName = CryptoApp;
			productReference = 2CA201F12C3B7C4C005BFD79 /* CryptoApp.app */;
			productType = "com.apple.product-type.application";
		};
/* End PBXNativeTarget section */

/* Begin PBXProject section */
		2CA201E92C3B7C4C005BFD79 /* Project object */ = {
			isa = PBXProject;
			attributes = {
				BuildIndependentTargetsInParallel = 1;
				LastSwiftUpdateCheck = 1520;
				LastUpgradeCheck = 1520;
				TargetAttributes = {
					2CA201F02C3B7C4C005BFD79 = {
						CreatedOnToolsVersion = 15.2;
					};
				};
			};
			buildConfigurationList = 2CA201EC2C3B7C4C005BFD79 /* Build configuration list for PBXProject "CryptoApp" */;
			compatibilityVersion = "Xcode 14.0";
			developmentRegion = en;
			hasScannedForEncodings = 0;
			knownRegions = (
				en,
				Base,
			);
			mainGroup = 2CA201E82C3B7C4C005BFD79;
			productRefGroup = 2CA201F22C3B7C4C005BFD79 /* Products */;
			projectDirPath = "";
			projectRoot = "";
			targets = (
				2CA201F02C3B7C4C005BFD79 /* CryptoApp */,
			);
		};
/* End PBXProject section */

/* Begin PBXResourcesBuildPhase section */
		2CA201EF2C3B7C4C005BFD79 /* Resources */ = {
			isa = PBXResourcesBuildPhase;
			buildActionMask = 2147483647;
			files = (
				2CEEB7442C3F6C830004C026 /* Colors.xcassets in Resources */,
				2CA201FC2C3B7C4F005BFD79 /* Preview Assets.xcassets in Resources */,
				2CEEB7422C3F6C2A0004C026 /* Assets.xcassets in Resources */,
			);
			runOnlyForDeploymentPostprocessing = 0;
		};
/* End PBXResourcesBuildPhase section */

/* Begin PBXSourcesBuildPhase section */
		2CA201ED2C3B7C4C005BFD79 /* Sources */ = {
			isa = PBXSourcesBuildPhase;
			buildActionMask = 2147483647;
			files = (
				2C5EB33A2CA5A5060017BBC3 /* HomeStatisticView.swift in Sources */,
				2CD89E9B2C84CB5700BA460C /* StatisticModel.swift in Sources */,
				2CB28F7A2C5D99E7007A0C05 /* CoinDataService.swift in Sources */,
				2C2A3E932C42038000C5B3E7 /* CoinRowView.swift in Sources */,
				2C3B59F52C4888E7001DFA9D /* HomeViewModel.swift in Sources */,
				2CA201F72C3B7C4C005BFD79 /* ContentView.swift in Sources */,
				2C271D672CBF666F0069ACE8 /* MarketDataModel.swift in Sources */,
				2C53BC6E2C738B2300660C63 /* LocalFileManager.swift in Sources */,
				2CEEB74D2C3F80EB0004C026 /* HomeView.swift in Sources */,
				2C5EB3382CA599D60017BBC3 /* StatisticView.swift in Sources */,
				2C5C2B192C6AD5A00098537E /* CoinImageView.swift in Sources */,
				2CA201F52C3B7C4C005BFD79 /* CryptoAppApp.swift in Sources */,
				2CD89E992C81689700BA460C /* UIApplication.swift in Sources */,
				2CEEB7512C3F85160004C026 /* CircleButtonView.swift in Sources */,
				2CEEB7472C3F72080004C026 /* Color.swift in Sources */,
				2CE4DAA62C7481C800EEBC1D /* SearchBarView.swift in Sources */,
				2C5C2B162C69CB840098537E /* NetworkingManager.swift in Sources */,
				2C271D692CC092850069ACE8 /* MarketDataService.swift in Sources */,
				2CEEB7532C40AE980004C026 /* CircleButtonAnimationView.swift in Sources */,
				2C984F322C6EA24F008ACAED /* CoinImageViewModel.swift in Sources */,
				2C2A3E952C42041300C5B3E7 /* DeveloperPreview.swift in Sources */,
				2CDB0DC82C426EDE00A36C9B /* Double.swift in Sources */,
				2C5C2B1B2C6AF3DD0098537E /* CoinImageService.swift in Sources */,
				2C8B25F42C40D55C00AEDE7C /* CoinModel.swift in Sources */,
			);
			runOnlyForDeploymentPostprocessing = 0;
		};
/* End PBXSourcesBuildPhase section */

/* Begin XCBuildConfiguration section */
		2CA201FD2C3B7C4F005BFD79 /* Debug */ = {
			isa = XCBuildConfiguration;
			buildSettings = {
				ALWAYS_SEARCH_USER_PATHS = NO;
				ASSETCATALOG_COMPILER_GENERATE_SWIFT_ASSET_SYMBOL_EXTENSIONS = YES;
				CLANG_ANALYZER_NONNULL = YES;
				CLANG_ANALYZER_NUMBER_OBJECT_CONVERSION = YES_AGGRESSIVE;
				CLANG_CXX_LANGUAGE_STANDARD = "gnu++20";
				CLANG_ENABLE_MODULES = YES;
				CLANG_ENABLE_OBJC_ARC = YES;
				CLANG_ENABLE_OBJC_WEAK = YES;
				CLANG_WARN_BLOCK_CAPTURE_AUTORELEASING = YES;
				CLANG_WARN_BOOL_CONVERSION = YES;
				CLANG_WARN_COMMA = YES;
				CLANG_WARN_CONSTANT_CONVERSION = YES;
				CLANG_WARN_DEPRECATED_OBJC_IMPLEMENTATIONS = YES;
				CLANG_WARN_DIRECT_OBJC_ISA_USAGE = YES_ERROR;
				CLANG_WARN_DOCUMENTATION_COMMENTS = YES;
				CLANG_WARN_EMPTY_BODY = YES;
				CLANG_WARN_ENUM_CONVERSION = YES;
				CLANG_WARN_INFINITE_RECURSION = YES;
				CLANG_WARN_INT_CONVERSION = YES;
				CLANG_WARN_NON_LITERAL_NULL_CONVERSION = YES;
				CLANG_WARN_OBJC_IMPLICIT_RETAIN_SELF = YES;
				CLANG_WARN_OBJC_LITERAL_CONVERSION = YES;
				CLANG_WARN_OBJC_ROOT_CLASS = YES_ERROR;
				CLANG_WARN_QUOTED_INCLUDE_IN_FRAMEWORK_HEADER = YES;
				CLANG_WARN_RANGE_LOOP_ANALYSIS = YES;
				CLANG_WARN_STRICT_PROTOTYPES = YES;
				CLANG_WARN_SUSPICIOUS_MOVE = YES;
				CLANG_WARN_UNGUARDED_AVAILABILITY = YES_AGGRESSIVE;
				CLANG_WARN_UNREACHABLE_CODE = YES;
				CLANG_WARN__DUPLICATE_METHOD_MATCH = YES;
				COPY_PHASE_STRIP = NO;
				DEBUG_INFORMATION_FORMAT = dwarf;
				ENABLE_STRICT_OBJC_MSGSEND = YES;
				ENABLE_TESTABILITY = YES;
				ENABLE_USER_SCRIPT_SANDBOXING = YES;
				GCC_C_LANGUAGE_STANDARD = gnu17;
				GCC_DYNAMIC_NO_PIC = NO;
				GCC_NO_COMMON_BLOCKS = YES;
				GCC_OPTIMIZATION_LEVEL = 0;
				GCC_PREPROCESSOR_DEFINITIONS = (
					"DEBUG=1",
					"$(inherited)",
				);
				GCC_WARN_64_TO_32_BIT_CONVERSION = YES;
				GCC_WARN_ABOUT_RETURN_TYPE = YES_ERROR;
				GCC_WARN_UNDECLARED_SELECTOR = YES;
				GCC_WARN_UNINITIALIZED_AUTOS = YES_AGGRESSIVE;
				GCC_WARN_UNUSED_FUNCTION = YES;
				GCC_WARN_UNUSED_VARIABLE = YES;
				IPHONEOS_DEPLOYMENT_TARGET = 17.2;
				LOCALIZATION_PREFERS_STRING_CATALOGS = YES;
				MTL_ENABLE_DEBUG_INFO = INCLUDE_SOURCE;
				MTL_FAST_MATH = YES;
				ONLY_ACTIVE_ARCH = YES;
				SDKROOT = iphoneos;
				SWIFT_ACTIVE_COMPILATION_CONDITIONS = "DEBUG $(inherited)";
				SWIFT_OPTIMIZATION_LEVEL = "-Onone";
			};
			name = Debug;
		};
		2CA201FE2C3B7C4F005BFD79 /* Release */ = {
			isa = XCBuildConfiguration;
			buildSettings = {
				ALWAYS_SEARCH_USER_PATHS = NO;
				ASSETCATALOG_COMPILER_GENERATE_SWIFT_ASSET_SYMBOL_EXTENSIONS = YES;
				CLANG_ANALYZER_NONNULL = YES;
				CLANG_ANALYZER_NUMBER_OBJECT_CONVERSION = YES_AGGRESSIVE;
				CLANG_CXX_LANGUAGE_STANDARD = "gnu++20";
				CLANG_ENABLE_MODULES = YES;
				CLANG_ENABLE_OBJC_ARC = YES;
				CLANG_ENABLE_OBJC_WEAK = YES;
				CLANG_WARN_BLOCK_CAPTURE_AUTORELEASING = YES;
				CLANG_WARN_BOOL_CONVERSION = YES;
				CLANG_WARN_COMMA = YES;
				CLANG_WARN_CONSTANT_CONVERSION = YES;
				CLANG_WARN_DEPRECATED_OBJC_IMPLEMENTATIONS = YES;
				CLANG_WARN_DIRECT_OBJC_ISA_USAGE = YES_ERROR;
				CLANG_WARN_DOCUMENTATION_COMMENTS = YES;
				CLANG_WARN_EMPTY_BODY = YES;
				CLANG_WARN_ENUM_CONVERSION = YES;
				CLANG_WARN_INFINITE_RECURSION = YES;
				CLANG_WARN_INT_CONVERSION = YES;
				CLANG_WARN_NON_LITERAL_NULL_CONVERSION = YES;
				CLANG_WARN_OBJC_IMPLICIT_RETAIN_SELF = YES;
				CLANG_WARN_OBJC_LITERAL_CONVERSION = YES;
				CLANG_WARN_OBJC_ROOT_CLASS = YES_ERROR;
				CLANG_WARN_QUOTED_INCLUDE_IN_FRAMEWORK_HEADER = YES;
				CLANG_WARN_RANGE_LOOP_ANALYSIS = YES;
				CLANG_WARN_STRICT_PROTOTYPES = YES;
				CLANG_WARN_SUSPICIOUS_MOVE = YES;
				CLANG_WARN_UNGUARDED_AVAILABILITY = YES_AGGRESSIVE;
				CLANG_WARN_UNREACHABLE_CODE = YES;
				CLANG_WARN__DUPLICATE_METHOD_MATCH = YES;
				COPY_PHASE_STRIP = NO;
				DEBUG_INFORMATION_FORMAT = "dwarf-with-dsym";
				ENABLE_NS_ASSERTIONS = NO;
				ENABLE_STRICT_OBJC_MSGSEND = YES;
				ENABLE_USER_SCRIPT_SANDBOXING = YES;
				GCC_C_LANGUAGE_STANDARD = gnu17;
				GCC_NO_COMMON_BLOCKS = YES;
				GCC_WARN_64_TO_32_BIT_CONVERSION = YES;
				GCC_WARN_ABOUT_RETURN_TYPE = YES_ERROR;
				GCC_WARN_UNDECLARED_SELECTOR = YES;
				GCC_WARN_UNINITIALIZED_AUTOS = YES_AGGRESSIVE;
				GCC_WARN_UNUSED_FUNCTION = YES;
				GCC_WARN_UNUSED_VARIABLE = YES;
				IPHONEOS_DEPLOYMENT_TARGET = 17.2;
				LOCALIZATION_PREFERS_STRING_CATALOGS = YES;
				MTL_ENABLE_DEBUG_INFO = NO;
				MTL_FAST_MATH = YES;
				SDKROOT = iphoneos;
				SWIFT_COMPILATION_MODE = wholemodule;
				VALIDATE_PRODUCT = YES;
			};
			name = Release;
		};
		2CA202002C3B7C4F005BFD79 /* Debug */ = {
			isa = XCBuildConfiguration;
			buildSettings = {
				ASSETCATALOG_COMPILER_APPICON_NAME = AppIcon;
				ASSETCATALOG_COMPILER_GLOBAL_ACCENT_COLOR_NAME = AccentColor;
				CODE_SIGN_STYLE = Automatic;
				CURRENT_PROJECT_VERSION = 1;
				DEVELOPMENT_ASSET_PATHS = "\"CryptoApp/Preview Content\"";
				ENABLE_PREVIEWS = YES;
				GENERATE_INFOPLIST_FILE = YES;
				INFOPLIST_KEY_UIApplicationSceneManifest_Generation = YES;
				INFOPLIST_KEY_UIApplicationSupportsIndirectInputEvents = YES;
				INFOPLIST_KEY_UILaunchScreen_Generation = YES;
				INFOPLIST_KEY_UISupportedInterfaceOrientations = UIInterfaceOrientationPortrait;
				INFOPLIST_KEY_UISupportedInterfaceOrientations_iPad = "UIInterfaceOrientationLandscapeLeft UIInterfaceOrientationLandscapeRight UIInterfaceOrientationPortrait UIInterfaceOrientationPortraitUpsideDown";
				LD_RUNPATH_SEARCH_PATHS = (
					"$(inherited)",
					"@executable_path/Frameworks",
				);
				MARKETING_VERSION = 1.0;
				PRODUCT_BUNDLE_IDENTIFIER = com.mai.apps.CryptoApp;
				PRODUCT_NAME = "$(TARGET_NAME)";
				SWIFT_EMIT_LOC_STRINGS = YES;
				SWIFT_VERSION = 5.0;
				TARGETED_DEVICE_FAMILY = "1,2";
			};
			name = Debug;
		};
		2CA202012C3B7C4F005BFD79 /* Release */ = {
			isa = XCBuildConfiguration;
			buildSettings = {
				ASSETCATALOG_COMPILER_APPICON_NAME = AppIcon;
				ASSETCATALOG_COMPILER_GLOBAL_ACCENT_COLOR_NAME = AccentColor;
				CODE_SIGN_STYLE = Automatic;
				CURRENT_PROJECT_VERSION = 1;
				DEVELOPMENT_ASSET_PATHS = "\"CryptoApp/Preview Content\"";
				ENABLE_PREVIEWS = YES;
				GENERATE_INFOPLIST_FILE = YES;
				INFOPLIST_KEY_UIApplicationSceneManifest_Generation = YES;
				INFOPLIST_KEY_UIApplicationSupportsIndirectInputEvents = YES;
				INFOPLIST_KEY_UILaunchScreen_Generation = YES;
				INFOPLIST_KEY_UISupportedInterfaceOrientations = UIInterfaceOrientationPortrait;
				INFOPLIST_KEY_UISupportedInterfaceOrientations_iPad = "UIInterfaceOrientationLandscapeLeft UIInterfaceOrientationLandscapeRight UIInterfaceOrientationPortrait UIInterfaceOrientationPortraitUpsideDown";
				LD_RUNPATH_SEARCH_PATHS = (
					"$(inherited)",
					"@executable_path/Frameworks",
				);
				MARKETING_VERSION = 1.0;
				PRODUCT_BUNDLE_IDENTIFIER = com.mai.apps.CryptoApp;
				PRODUCT_NAME = "$(TARGET_NAME)";
				SWIFT_EMIT_LOC_STRINGS = YES;
				SWIFT_VERSION = 5.0;
				TARGETED_DEVICE_FAMILY = "1,2";
			};
			name = Release;
		};
/* End XCBuildConfiguration section */

/* Begin XCConfigurationList section */
		2CA201EC2C3B7C4C005BFD79 /* Build configuration list for PBXProject "CryptoApp" */ = {
			isa = XCConfigurationList;
			buildConfigurations = (
				2CA201FD2C3B7C4F005BFD79 /* Debug */,
				2CA201FE2C3B7C4F005BFD79 /* Release */,
			);
			defaultConfigurationIsVisible = 0;
			defaultConfigurationName = Release;
		};
		2CA201FF2C3B7C4F005BFD79 /* Build configuration list for PBXNativeTarget "CryptoApp" */ = {
			isa = XCConfigurationList;
			buildConfigurations = (
				2CA202002C3B7C4F005BFD79 /* Debug */,
				2CA202012C3B7C4F005BFD79 /* Release */,
			);
			defaultConfigurationIsVisible = 0;
			defaultConfigurationName = Release;
		};
/* End XCConfigurationList section */
	};
	rootObject = 2CA201E92C3B7C4C005BFD79 /* Project object */;
}
